
Microsoft Visual Studio Solution File, Format Version 12.00
# Visual Studio 2013
VisualStudioVersion = 12.0.30110.0
MinimumVisualStudioVersion = 10.0.40219.1
Project("{FAE04EC0-301F-11D3-BF4B-00C04F79EFBC}") = "JW_ScaffoldEnhancement.Models", "JW_ScaffoldEnhancement.Models\JW_ScaffoldEnhancement.Models.csproj", "{064A2559-A61E-415F-8DC3-E424530F8A4F}"
EndProject
Project("{FAE04EC0-301F-11D3-BF4B-00C04F79EFBC}") = "JW_ScaffoldEnhancement.Data", "JW_ScaffoldEnhancement.Data\JW_ScaffoldEnhancement.Data.csproj", "{21B10FE9-ABCA-4E53-901C-35FF9521FF01}"
EndProject
Project("{FAE04EC0-301F-11D3-BF4B-00C04F79EFBC}") = "JW_ScaffoldEnhancement", "JW_ScaffoldEnhancement\JW_ScaffoldEnhancement.csproj", "{EA37083C-FAB6-4C8F-AFB7-C46C8BEEC7D0}"
EndProject
Global
	GlobalSection(SolutionConfigurationPlatforms) = preSolution
		Debug|Any CPU = Debug|Any CPU
		Release|Any CPU = Release|Any CPU
	EndGlobalSection
	GlobalSection(ProjectConfigurationPlatforms) = postSolution
		{064A2559-A61E-415F-8DC3-E424530F8A4F}.Debug|Any CPU.ActiveCfg = Debug|Any CPU
		{064A2559-A61E-415F-8DC3-E424530F8A4F}.Debug|Any CPU.Build.0 = Debug|Any CPU
		{064A2559-A61E-415F-8DC3-E424530F8A4F}.Release|Any CPU.ActiveCfg = Release|Any CPU
		{064A2559-A61E-415F-8DC3-E424530F8A4F}.Release|Any CPU.Build.0 = Release|Any CPU
		{21B10FE9-ABCA-4E53-901C-35FF9521FF01}.Debug|Any CPU.ActiveCfg = Debug|Any CPU
		{21B10FE9-ABCA-4E53-901C-35FF9521FF01}.Debug|Any CPU.Build.0 = Debug|Any CPU
		{21B10FE9-ABCA-4E53-901C-35FF9521FF01}.Release|Any CPU.ActiveCfg = Release|Any CPU
		{21B10FE9-ABCA-4E53-901C-35FF9521FF01}.Release|Any CPU.Build.0 = Release|Any CPU
		{EA37083C-FAB6-4C8F-AFB7-C46C8BEEC7D0}.Debug|Any CPU.ActiveCfg = Debug|Any CPU
		{EA37083C-FAB6-4C8F-AFB7-C46C8BEEC7D0}.Debug|Any CPU.Build.0 = Debug|Any CPU
		{EA37083C-FAB6-4C8F-AFB7-C46C8BEEC7D0}.Release|Any CPU.ActiveCfg = Release|Any CPU
		{EA37083C-FAB6-4C8F-AFB7-C46C8BEEC7D0}.Release|Any CPU.Build.0 = Release|Any CPU
	EndGlobalSection
	GlobalSection(SolutionProperties) = preSolution
		HideSolutionNode = FALSE
	EndGlobalSection
EndGlobal
